
Microsoft Visual Studio Solution File, Format Version 12.00
# Visual Studio 15
Project("{FAE04EC0-301F-11D3-BF4B-00C04F79EFBC}") = "CSharp.Assignment", "CSharp.Assignment\CSharp.Assignment.csproj", "{E89653D3-056E-4766-B70D-AD1FB90A7BBD}"
EndProject
Project("{FAE04EC0-301F-11D3-BF4B-00C04F79EFBC}") = "CSharp.Assignment.Tests", "CSharp.Assignment.Tests\CSharp.Assignment.Tests.csproj", "{71D9DCA4-DE44-43CC-BE75-90ABAB6B6C7A}"
EndProject
Global
	GlobalSection(SolutionConfigurationPlatforms) = preSolution
		Debug|anycpu = Debug|anycpu
		Release|anycpu = Release|anycpu
	EndGlobalSection
	GlobalSection(ProjectConfigurationPlatforms) = postSolution
		{E89653D3-056E-4766-B70D-AD1FB90A7BBD}.Debug|anycpu.ActiveCfg = Debug|Any CPU
		{E89653D3-056E-4766-B70D-AD1FB90A7BBD}.Debug|anycpu.Build.0 = Debug|Any CPU
		{E89653D3-056E-4766-B70D-AD1FB90A7BBD}.Release|anycpu.ActiveCfg = Release|Any CPU
		{E89653D3-056E-4766-B70D-AD1FB90A7BBD}.Release|anycpu.Build.0 = Release|Any CPU
		{71D9DCA4-DE44-43CC-BE75-90ABAB6B6C7A}.Debug|anycpu.ActiveCfg = Debug|Any CPU
		{71D9DCA4-DE44-43CC-BE75-90ABAB6B6C7A}.Debug|anycpu.Build.0 = Debug|Any CPU
		{71D9DCA4-DE44-43CC-BE75-90ABAB6B6C7A}.Release|anycpu.ActiveCfg = Release|Any CPU
		{71D9DCA4-DE44-43CC-BE75-90ABAB6B6C7A}.Release|anycpu.Build.0 = Release|Any CPU
	EndGlobalSection
EndGlobal
